// !$*UTF8*$!
{
	archiveVersion = 1;
	classes = {
	};
	objectVersion = 55;
	objects = {

/* Begin PBXBuildFile section */
		4859A0D22911DBE900C2D1DB /* Tests_GoogleAuth.swift in Sources */ = {isa = PBXBuildFile; fileRef = 4859A0D12911DBE900C2D1DB /* Tests_GoogleAuth.swift */; };
		48C01B19291226AA008F219E /* Tests_MapKit.swift in Sources */ = {isa = PBXBuildFile; fileRef = 48C01B18291226AA008F219E /* Tests_MapKit.swift */; };
		7365FAD92911FD86000C4424 /* CreateItemViewTests.swift in Sources */ = {isa = PBXBuildFile; fileRef = 7365FAD82911FD86000C4424 /* CreateItemViewTests.swift */; };
		7365FADD2911FDD6000C4424 /* MapViewTests.swift in Sources */ = {isa = PBXBuildFile; fileRef = 7365FADA2911FDD5000C4424 /* MapViewTests.swift */; };
		7365FADE2911FDD6000C4424 /* ItemTests.swift in Sources */ = {isa = PBXBuildFile; fileRef = 7365FADB2911FDD6000C4424 /* ItemTests.swift */; };
		7365FADF2911FDD6000C4424 /* ListViewTests.swift in Sources */ = {isa = PBXBuildFile; fileRef = 7365FADC2911FDD6000C4424 /* ListViewTests.swift */; };
		7365FAE12911FE51000C4424 /* MapView.swift in Sources */ = {isa = PBXBuildFile; fileRef = 7365FAE02911FE51000C4424 /* MapView.swift */; };
		7365FAE32911FEB8000C4424 /* ListView.swift in Sources */ = {isa = PBXBuildFile; fileRef = 7365FAE22911FEB8000C4424 /* ListView.swift */; };
		7365FAE52911FED2000C4424 /* ItemView.swift in Sources */ = {isa = PBXBuildFile; fileRef = 7365FAE42911FED2000C4424 /* ItemView.swift */; };
		7365FAE7291202A1000C4424 /* CreateItemView.swift in Sources */ = {isa = PBXBuildFile; fileRef = 7365FAE6291202A1000C4424 /* CreateItemView.swift */; };
		7365FAE929120374000C4424 /* ProfileView.swift in Sources */ = {isa = PBXBuildFile; fileRef = 7365FAE829120374000C4424 /* ProfileView.swift */; };
		7365FAEB2912039D000C4424 /* ProfileViewTests.swift in Sources */ = {isa = PBXBuildFile; fileRef = 7365FAEA2912039D000C4424 /* ProfileViewTests.swift */; };
		7365FAFA29120ED3000C4424 /* GoogleService-Info.plist in Resources */ = {isa = PBXBuildFile; fileRef = 7365FAF929120ED3000C4424 /* GoogleService-Info.plist */; };
		7365FAFB29120ED3000C4424 /* GoogleService-Info.plist in Resources */ = {isa = PBXBuildFile; fileRef = 7365FAF929120ED3000C4424 /* GoogleService-Info.plist */; };
		7365FAFC29120ED3000C4424 /* GoogleService-Info.plist in Resources */ = {isa = PBXBuildFile; fileRef = 7365FAF929120ED3000C4424 /* GoogleService-Info.plist */; };
		7365FAFD29120ED3000C4424 /* GoogleService-Info.plist in Resources */ = {isa = PBXBuildFile; fileRef = 7365FAF929120ED3000C4424 /* GoogleService-Info.plist */; };
		7365FAFE29120ED3000C4424 /* GoogleService-Info.plist in Resources */ = {isa = PBXBuildFile; fileRef = 7365FAF929120ED3000C4424 /* GoogleService-Info.plist */; };
		7365FAFF29120ED3000C4424 /* GoogleService-Info.plist in Resources */ = {isa = PBXBuildFile; fileRef = 7365FAF929120ED3000C4424 /* GoogleService-Info.plist */; };
		AF2FEB7A291060100060BB91 /* FreeFinderTests.swift in Sources */ = {isa = PBXBuildFile; fileRef = AF2FEB79291060100060BB91 /* FreeFinderTests.swift */; };
		AF2FEB8829106FF80060BB91 /* FirebaseAnalytics in Frameworks */ = {isa = PBXBuildFile; productRef = AF2FEB8729106FF80060BB91 /* FirebaseAnalytics */; };
		AF2FEB8A29106FF80060BB91 /* FirebaseDatabase in Frameworks */ = {isa = PBXBuildFile; productRef = AF2FEB8929106FF80060BB91 /* FirebaseDatabase */; };
		AF2FEB8C29106FF80060BB91 /* FirebaseDatabaseSwift in Frameworks */ = {isa = PBXBuildFile; productRef = AF2FEB8B29106FF80060BB91 /* FirebaseDatabaseSwift */; };
		AF2FEB8E29106FF80060BB91 /* FirebaseRemoteConfig in Frameworks */ = {isa = PBXBuildFile; productRef = AF2FEB8D29106FF80060BB91 /* FirebaseRemoteConfig */; };
		AF2FEB9029106FF80060BB91 /* FirebaseRemoteConfigSwift in Frameworks */ = {isa = PBXBuildFile; productRef = AF2FEB8F29106FF80060BB91 /* FirebaseRemoteConfigSwift */; };
		AFE496DE29105E68000A7A95 /* Tests_iOS.swift in Sources */ = {isa = PBXBuildFile; fileRef = AFE496DD29105E68000A7A95 /* Tests_iOS.swift */; };
		AFE496E029105E68000A7A95 /* Tests_iOSLaunchTests.swift in Sources */ = {isa = PBXBuildFile; fileRef = AFE496DF29105E68000A7A95 /* Tests_iOSLaunchTests.swift */; };
		AFE496EA29105E68000A7A95 /* Tests_macOS.swift in Sources */ = {isa = PBXBuildFile; fileRef = AFE496E929105E68000A7A95 /* Tests_macOS.swift */; };
		AFE496EC29105E68000A7A95 /* Tests_macOSLaunchTests.swift in Sources */ = {isa = PBXBuildFile; fileRef = AFE496EB29105E68000A7A95 /* Tests_macOSLaunchTests.swift */; };
		AFE496ED29105E68000A7A95 /* FreeFinderApp.swift in Sources */ = {isa = PBXBuildFile; fileRef = AFE496C529105E68000A7A95 /* FreeFinderApp.swift */; };
		AFE496EE29105E68000A7A95 /* FreeFinderApp.swift in Sources */ = {isa = PBXBuildFile; fileRef = AFE496C529105E68000A7A95 /* FreeFinderApp.swift */; };
		AFE496EF29105E68000A7A95 /* ContentView.swift in Sources */ = {isa = PBXBuildFile; fileRef = AFE496C629105E68000A7A95 /* ContentView.swift */; };
		AFE496F029105E68000A7A95 /* ContentView.swift in Sources */ = {isa = PBXBuildFile; fileRef = AFE496C629105E68000A7A95 /* ContentView.swift */; };
		AFE496F129105E68000A7A95 /* Assets.xcassets in Resources */ = {isa = PBXBuildFile; fileRef = AFE496C729105E68000A7A95 /* Assets.xcassets */; };
		AFE496F229105E68000A7A95 /* Assets.xcassets in Resources */ = {isa = PBXBuildFile; fileRef = AFE496C729105E68000A7A95 /* Assets.xcassets */; };
/* End PBXBuildFile section */

/* Begin PBXContainerItemProxy section */
		4859A0D32911DBE900C2D1DB /* PBXContainerItemProxy */ = {
			isa = PBXContainerItemProxy;
			containerPortal = AFE496C029105E67000A7A95 /* Project object */;
			proxyType = 1;
			remoteGlobalIDString = AFE496CB29105E68000A7A95;
			remoteInfo = "FreeFinder (iOS)";
		};
		48C01B1A291226AA008F219E /* PBXContainerItemProxy */ = {
			isa = PBXContainerItemProxy;
			containerPortal = AFE496C029105E67000A7A95 /* Project object */;
			proxyType = 1;
			remoteGlobalIDString = AFE496CB29105E68000A7A95;
			remoteInfo = "FreeFinder (iOS)";
		};
		AF2FEB7B291060100060BB91 /* PBXContainerItemProxy */ = {
			isa = PBXContainerItemProxy;
			containerPortal = AFE496C029105E67000A7A95 /* Project object */;
			proxyType = 1;
			remoteGlobalIDString = AFE496D129105E68000A7A95;
			remoteInfo = "FreeFinder (macOS)";
		};
		AFE496DA29105E68000A7A95 /* PBXContainerItemProxy */ = {
			isa = PBXContainerItemProxy;
			containerPortal = AFE496C029105E67000A7A95 /* Project object */;
			proxyType = 1;
			remoteGlobalIDString = AFE496CB29105E68000A7A95;
			remoteInfo = "FreeFinder (iOS)";
		};
		AFE496E629105E68000A7A95 /* PBXContainerItemProxy */ = {
			isa = PBXContainerItemProxy;
			containerPortal = AFE496C029105E67000A7A95 /* Project object */;
			proxyType = 1;
			remoteGlobalIDString = AFE496D129105E68000A7A95;
			remoteInfo = "FreeFinder (macOS)";
		};
/* End PBXContainerItemProxy section */

/* Begin PBXFileReference section */
		4859A0CF2911DBE900C2D1DB /* Tests GoogleAuth.xctest */ = {isa = PBXFileReference; explicitFileType = wrapper.cfbundle; includeInIndex = 0; path = "Tests GoogleAuth.xctest"; sourceTree = BUILT_PRODUCTS_DIR; };
		4859A0D12911DBE900C2D1DB /* Tests_GoogleAuth.swift */ = {isa = PBXFileReference; lastKnownFileType = sourcecode.swift; path = Tests_GoogleAuth.swift; sourceTree = "<group>"; };
		48C01B16291226AA008F219E /* Tests MapKit.xctest */ = {isa = PBXFileReference; explicitFileType = wrapper.cfbundle; includeInIndex = 0; path = "Tests MapKit.xctest"; sourceTree = BUILT_PRODUCTS_DIR; };
		48C01B18291226AA008F219E /* Tests_MapKit.swift */ = {isa = PBXFileReference; lastKnownFileType = sourcecode.swift; path = Tests_MapKit.swift; sourceTree = "<group>"; };
		7365FAD82911FD86000C4424 /* CreateItemViewTests.swift */ = {isa = PBXFileReference; fileEncoding = 4; lastKnownFileType = sourcecode.swift; path = CreateItemViewTests.swift; sourceTree = "<group>"; };
		7365FADA2911FDD5000C4424 /* MapViewTests.swift */ = {isa = PBXFileReference; fileEncoding = 4; lastKnownFileType = sourcecode.swift; path = MapViewTests.swift; sourceTree = "<group>"; };
		7365FADB2911FDD6000C4424 /* ItemTests.swift */ = {isa = PBXFileReference; fileEncoding = 4; lastKnownFileType = sourcecode.swift; path = ItemTests.swift; sourceTree = "<group>"; };
		7365FADC2911FDD6000C4424 /* ListViewTests.swift */ = {isa = PBXFileReference; fileEncoding = 4; lastKnownFileType = sourcecode.swift; path = ListViewTests.swift; sourceTree = "<group>"; };
		7365FAE02911FE51000C4424 /* MapView.swift */ = {isa = PBXFileReference; lastKnownFileType = sourcecode.swift; path = MapView.swift; sourceTree = "<group>"; };
		7365FAE22911FEB8000C4424 /* ListView.swift */ = {isa = PBXFileReference; lastKnownFileType = sourcecode.swift; path = ListView.swift; sourceTree = "<group>"; };
		7365FAE42911FED2000C4424 /* ItemView.swift */ = {isa = PBXFileReference; lastKnownFileType = sourcecode.swift; path = ItemView.swift; sourceTree = "<group>"; };
		7365FAE6291202A1000C4424 /* CreateItemView.swift */ = {isa = PBXFileReference; lastKnownFileType = sourcecode.swift; path = CreateItemView.swift; sourceTree = "<group>"; };
		7365FAE829120374000C4424 /* ProfileView.swift */ = {isa = PBXFileReference; lastKnownFileType = sourcecode.swift; path = ProfileView.swift; sourceTree = "<group>"; };
		7365FAEA2912039D000C4424 /* ProfileViewTests.swift */ = {isa = PBXFileReference; lastKnownFileType = sourcecode.swift; path = ProfileViewTests.swift; sourceTree = "<group>"; };
		7365FAF929120ED3000C4424 /* GoogleService-Info.plist */ = {isa = PBXFileReference; fileEncoding = 4; lastKnownFileType = text.plist.xml; path = "GoogleService-Info.plist"; sourceTree = "<group>"; };
		AF2FEB77291060100060BB91 /* FreeFinderTests.xctest */ = {isa = PBXFileReference; explicitFileType = wrapper.cfbundle; includeInIndex = 0; path = FreeFinderTests.xctest; sourceTree = BUILT_PRODUCTS_DIR; };
		AF2FEB79291060100060BB91 /* FreeFinderTests.swift */ = {isa = PBXFileReference; lastKnownFileType = sourcecode.swift; path = FreeFinderTests.swift; sourceTree = "<group>"; };
		AFE496C529105E68000A7A95 /* FreeFinderApp.swift */ = {isa = PBXFileReference; lastKnownFileType = sourcecode.swift; path = FreeFinderApp.swift; sourceTree = "<group>"; };
		AFE496C629105E68000A7A95 /* ContentView.swift */ = {isa = PBXFileReference; lastKnownFileType = sourcecode.swift; path = ContentView.swift; sourceTree = "<group>"; };
		AFE496C729105E68000A7A95 /* Assets.xcassets */ = {isa = PBXFileReference; lastKnownFileType = folder.assetcatalog; path = Assets.xcassets; sourceTree = "<group>"; };
		AFE496CC29105E68000A7A95 /* FreeFinder.app */ = {isa = PBXFileReference; explicitFileType = wrapper.application; includeInIndex = 0; path = FreeFinder.app; sourceTree = BUILT_PRODUCTS_DIR; };
		AFE496D229105E68000A7A95 /* FreeFinder.app */ = {isa = PBXFileReference; explicitFileType = wrapper.application; includeInIndex = 0; path = FreeFinder.app; sourceTree = BUILT_PRODUCTS_DIR; };
		AFE496D429105E68000A7A95 /* macOS.entitlements */ = {isa = PBXFileReference; lastKnownFileType = text.plist.entitlements; path = macOS.entitlements; sourceTree = "<group>"; };
		AFE496D929105E68000A7A95 /* Tests iOS.xctest */ = {isa = PBXFileReference; explicitFileType = wrapper.cfbundle; includeInIndex = 0; path = "Tests iOS.xctest"; sourceTree = BUILT_PRODUCTS_DIR; };
		AFE496DD29105E68000A7A95 /* Tests_iOS.swift */ = {isa = PBXFileReference; lastKnownFileType = sourcecode.swift; path = Tests_iOS.swift; sourceTree = "<group>"; };
		AFE496DF29105E68000A7A95 /* Tests_iOSLaunchTests.swift */ = {isa = PBXFileReference; lastKnownFileType = sourcecode.swift; path = Tests_iOSLaunchTests.swift; sourceTree = "<group>"; };
		AFE496E529105E68000A7A95 /* Tests macOS.xctest */ = {isa = PBXFileReference; explicitFileType = wrapper.cfbundle; includeInIndex = 0; path = "Tests macOS.xctest"; sourceTree = BUILT_PRODUCTS_DIR; };
		AFE496E929105E68000A7A95 /* Tests_macOS.swift */ = {isa = PBXFileReference; lastKnownFileType = sourcecode.swift; path = Tests_macOS.swift; sourceTree = "<group>"; };
		AFE496EB29105E68000A7A95 /* Tests_macOSLaunchTests.swift */ = {isa = PBXFileReference; lastKnownFileType = sourcecode.swift; path = Tests_macOSLaunchTests.swift; sourceTree = "<group>"; };
/* End PBXFileReference section */

/* Begin PBXFrameworksBuildPhase section */
		4859A0CC2911DBE900C2D1DB /* Frameworks */ = {
			isa = PBXFrameworksBuildPhase;
			buildActionMask = 2147483647;
			files = (
			);
			runOnlyForDeploymentPostprocessing = 0;
		};
		48C01B13291226AA008F219E /* Frameworks */ = {
			isa = PBXFrameworksBuildPhase;
			buildActionMask = 2147483647;
			files = (
			);
			runOnlyForDeploymentPostprocessing = 0;
		};
		AF2FEB74291060100060BB91 /* Frameworks */ = {
			isa = PBXFrameworksBuildPhase;
			buildActionMask = 2147483647;
			files = (
			);
			runOnlyForDeploymentPostprocessing = 0;
		};
		AFE496C929105E68000A7A95 /* Frameworks */ = {
			isa = PBXFrameworksBuildPhase;
			buildActionMask = 2147483647;
			files = (
				AF2FEB8C29106FF80060BB91 /* FirebaseDatabaseSwift in Frameworks */,
				AF2FEB8A29106FF80060BB91 /* FirebaseDatabase in Frameworks */,
				AF2FEB9029106FF80060BB91 /* FirebaseRemoteConfigSwift in Frameworks */,
				AF2FEB8829106FF80060BB91 /* FirebaseAnalytics in Frameworks */,
				AF2FEB8E29106FF80060BB91 /* FirebaseRemoteConfig in Frameworks */,
			);
			runOnlyForDeploymentPostprocessing = 0;
		};
		AFE496CF29105E68000A7A95 /* Frameworks */ = {
			isa = PBXFrameworksBuildPhase;
			buildActionMask = 2147483647;
			files = (
			);
			runOnlyForDeploymentPostprocessing = 0;
		};
		AFE496D629105E68000A7A95 /* Frameworks */ = {
			isa = PBXFrameworksBuildPhase;
			buildActionMask = 2147483647;
			files = (
			);
			runOnlyForDeploymentPostprocessing = 0;
		};
		AFE496E229105E68000A7A95 /* Frameworks */ = {
			isa = PBXFrameworksBuildPhase;
			buildActionMask = 2147483647;
			files = (
			);
			runOnlyForDeploymentPostprocessing = 0;
		};
/* End PBXFrameworksBuildPhase section */

/* Begin PBXGroup section */
		4859A0D02911DBE900C2D1DB /* Tests GoogleAuth */ = {
			isa = PBXGroup;
			children = (
				4859A0D12911DBE900C2D1DB /* Tests_GoogleAuth.swift */,
			);
			path = "Tests GoogleAuth";
			sourceTree = "<group>";
		};
		48C01B17291226AA008F219E /* Tests MapKit */ = {
			isa = PBXGroup;
			children = (
				48C01B18291226AA008F219E /* Tests_MapKit.swift */,
			);
			path = "Tests MapKit";
			sourceTree = "<group>";
		};
		7365FAF829120DBE000C4424 /* Frameworks */ = {
			isa = PBXGroup;
			children = (
			);
			name = Frameworks;
			sourceTree = "<group>";
		};
		AF2FEB78291060100060BB91 /* FreeFinderTests */ = {
			isa = PBXGroup;
			children = (
				7365FAD82911FD86000C4424 /* CreateItemViewTests.swift */,
				7365FADB2911FDD6000C4424 /* ItemTests.swift */,
				7365FADC2911FDD6000C4424 /* ListViewTests.swift */,
				7365FADA2911FDD5000C4424 /* MapViewTests.swift */,
				AF2FEB79291060100060BB91 /* FreeFinderTests.swift */,
				7365FAEA2912039D000C4424 /* ProfileViewTests.swift */,
			);
			path = FreeFinderTests;
			sourceTree = "<group>";
		};
		AFE496BF29105E67000A7A95 = {
			isa = PBXGroup;
			children = (
				7365FAF929120ED3000C4424 /* GoogleService-Info.plist */,
				AFE496C429105E68000A7A95 /* Shared */,
				AFE496D329105E68000A7A95 /* macOS */,
				AFE496DC29105E68000A7A95 /* Tests iOS */,
				AFE496E829105E68000A7A95 /* Tests macOS */,
				AF2FEB78291060100060BB91 /* FreeFinderTests */,
				4859A0D02911DBE900C2D1DB /* Tests GoogleAuth */,
				48C01B17291226AA008F219E /* Tests MapKit */,
				AFE496CD29105E68000A7A95 /* Products */,
				7365FAF829120DBE000C4424 /* Frameworks */,
			);
			sourceTree = "<group>";
		};
		AFE496C429105E68000A7A95 /* Shared */ = {
			isa = PBXGroup;
			children = (
				AFE496C529105E68000A7A95 /* FreeFinderApp.swift */,
				AFE496C629105E68000A7A95 /* ContentView.swift */,
				7365FAE6291202A1000C4424 /* CreateItemView.swift */,
				7365FAE02911FE51000C4424 /* MapView.swift */,
				7365FAE22911FEB8000C4424 /* ListView.swift */,
				7365FAE42911FED2000C4424 /* ItemView.swift */,
				7365FAE829120374000C4424 /* ProfileView.swift */,
				AFE496C729105E68000A7A95 /* Assets.xcassets */,
			);
			path = Shared;
			sourceTree = "<group>";
		};
		AFE496CD29105E68000A7A95 /* Products */ = {
			isa = PBXGroup;
			children = (
				AFE496CC29105E68000A7A95 /* FreeFinder.app */,
				AFE496D229105E68000A7A95 /* FreeFinder.app */,
				AFE496D929105E68000A7A95 /* Tests iOS.xctest */,
				AFE496E529105E68000A7A95 /* Tests macOS.xctest */,
				AF2FEB77291060100060BB91 /* FreeFinderTests.xctest */,
				4859A0CF2911DBE900C2D1DB /* Tests GoogleAuth.xctest */,
				48C01B16291226AA008F219E /* Tests MapKit.xctest */,
			);
			name = Products;
			sourceTree = "<group>";
		};
		AFE496D329105E68000A7A95 /* macOS */ = {
			isa = PBXGroup;
			children = (
				AFE496D429105E68000A7A95 /* macOS.entitlements */,
			);
			path = macOS;
			sourceTree = "<group>";
		};
		AFE496DC29105E68000A7A95 /* Tests iOS */ = {
			isa = PBXGroup;
			children = (
				AFE496DD29105E68000A7A95 /* Tests_iOS.swift */,
				AFE496DF29105E68000A7A95 /* Tests_iOSLaunchTests.swift */,
			);
			path = "Tests iOS";
			sourceTree = "<group>";
		};
		AFE496E829105E68000A7A95 /* Tests macOS */ = {
			isa = PBXGroup;
			children = (
				AFE496E929105E68000A7A95 /* Tests_macOS.swift */,
				AFE496EB29105E68000A7A95 /* Tests_macOSLaunchTests.swift */,
			);
			path = "Tests macOS";
			sourceTree = "<group>";
		};
/* End PBXGroup section */

/* Begin PBXNativeTarget section */
		4859A0CE2911DBE900C2D1DB /* Tests GoogleAuth */ = {
			isa = PBXNativeTarget;
			buildConfigurationList = 4859A0D72911DBE900C2D1DB /* Build configuration list for PBXNativeTarget "Tests GoogleAuth" */;
			buildPhases = (
				4859A0CB2911DBE900C2D1DB /* Sources */,
				4859A0CC2911DBE900C2D1DB /* Frameworks */,
				4859A0CD2911DBE900C2D1DB /* Resources */,
			);
			buildRules = (
			);
			dependencies = (
				4859A0D42911DBE900C2D1DB /* PBXTargetDependency */,
			);
			name = "Tests GoogleAuth";
			productName = "Tests GoogleAuth";
			productReference = 4859A0CF2911DBE900C2D1DB /* Tests GoogleAuth.xctest */;
			productType = "com.apple.product-type.bundle.unit-test";
		};
		48C01B15291226AA008F219E /* Tests MapKit */ = {
			isa = PBXNativeTarget;
			buildConfigurationList = 48C01B1E291226AA008F219E /* Build configuration list for PBXNativeTarget "Tests MapKit" */;
			buildPhases = (
				48C01B12291226AA008F219E /* Sources */,
				48C01B13291226AA008F219E /* Frameworks */,
				48C01B14291226AA008F219E /* Resources */,
			);
			buildRules = (
			);
			dependencies = (
				48C01B1B291226AA008F219E /* PBXTargetDependency */,
			);
			name = "Tests MapKit";
			productName = "Tests MapKit";
			productReference = 48C01B16291226AA008F219E /* Tests MapKit.xctest */;
			productType = "com.apple.product-type.bundle.unit-test";
		};
		AF2FEB76291060100060BB91 /* FreeFinderTests */ = {
			isa = PBXNativeTarget;
			buildConfigurationList = AF2FEB7F291060100060BB91 /* Build configuration list for PBXNativeTarget "FreeFinderTests" */;
			buildPhases = (
				AF2FEB73291060100060BB91 /* Sources */,
				AF2FEB74291060100060BB91 /* Frameworks */,
				AF2FEB75291060100060BB91 /* Resources */,
			);
			buildRules = (
			);
			dependencies = (
				AF2FEB7C291060100060BB91 /* PBXTargetDependency */,
			);
			name = FreeFinderTests;
			productName = FreeFinderTests;
			productReference = AF2FEB77291060100060BB91 /* FreeFinderTests.xctest */;
			productType = "com.apple.product-type.bundle.unit-test";
		};
		AFE496CB29105E68000A7A95 /* FreeFinder (iOS) */ = {
			isa = PBXNativeTarget;
			buildConfigurationList = AFE496F529105E68000A7A95 /* Build configuration list for PBXNativeTarget "FreeFinder (iOS)" */;
			buildPhases = (
				AFE496C829105E68000A7A95 /* Sources */,
				AFE496C929105E68000A7A95 /* Frameworks */,
				AFE496CA29105E68000A7A95 /* Resources */,
			);
			buildRules = (
			);
			dependencies = (
			);
			name = "FreeFinder (iOS)";
			packageProductDependencies = (
				AF2FEB8729106FF80060BB91 /* FirebaseAnalytics */,
				AF2FEB8929106FF80060BB91 /* FirebaseDatabase */,
				AF2FEB8B29106FF80060BB91 /* FirebaseDatabaseSwift */,
				AF2FEB8D29106FF80060BB91 /* FirebaseRemoteConfig */,
				AF2FEB8F29106FF80060BB91 /* FirebaseRemoteConfigSwift */,
			);
			productName = "FreeFinder (iOS)";
			productReference = AFE496CC29105E68000A7A95 /* FreeFinder.app */;
			productType = "com.apple.product-type.application";
		};
		AFE496D129105E68000A7A95 /* FreeFinder (macOS) */ = {
			isa = PBXNativeTarget;
			buildConfigurationList = AFE496F829105E68000A7A95 /* Build configuration list for PBXNativeTarget "FreeFinder (macOS)" */;
			buildPhases = (
				AFE496CE29105E68000A7A95 /* Sources */,
				AFE496CF29105E68000A7A95 /* Frameworks */,
				AFE496D029105E68000A7A95 /* Resources */,
			);
			buildRules = (
			);
			dependencies = (
			);
			name = "FreeFinder (macOS)";
			productName = "FreeFinder (macOS)";
			productReference = AFE496D229105E68000A7A95 /* FreeFinder.app */;
			productType = "com.apple.product-type.application";
		};
		AFE496D829105E68000A7A95 /* Tests iOS */ = {
			isa = PBXNativeTarget;
			buildConfigurationList = AFE496FB29105E68000A7A95 /* Build configuration list for PBXNativeTarget "Tests iOS" */;
			buildPhases = (
				AFE496D529105E68000A7A95 /* Sources */,
				AFE496D629105E68000A7A95 /* Frameworks */,
				AFE496D729105E68000A7A95 /* Resources */,
			);
			buildRules = (
			);
			dependencies = (
				AFE496DB29105E68000A7A95 /* PBXTargetDependency */,
			);
			name = "Tests iOS";
			productName = "Tests iOS";
			productReference = AFE496D929105E68000A7A95 /* Tests iOS.xctest */;
			productType = "com.apple.product-type.bundle.ui-testing";
		};
		AFE496E429105E68000A7A95 /* Tests macOS */ = {
			isa = PBXNativeTarget;
			buildConfigurationList = AFE496FE29105E68000A7A95 /* Build configuration list for PBXNativeTarget "Tests macOS" */;
			buildPhases = (
				AFE496E129105E68000A7A95 /* Sources */,
				AFE496E229105E68000A7A95 /* Frameworks */,
				AFE496E329105E68000A7A95 /* Resources */,
			);
			buildRules = (
			);
			dependencies = (
				AFE496E729105E68000A7A95 /* PBXTargetDependency */,
			);
			name = "Tests macOS";
			productName = "Tests macOS";
			productReference = AFE496E529105E68000A7A95 /* Tests macOS.xctest */;
			productType = "com.apple.product-type.bundle.ui-testing";
		};
/* End PBXNativeTarget section */

/* Begin PBXProject section */
		AFE496C029105E67000A7A95 /* Project object */ = {
			isa = PBXProject;
			attributes = {
				BuildIndependentTargetsInParallel = 1;
				LastSwiftUpdateCheck = 1400;
				LastUpgradeCheck = 1340;
				TargetAttributes = {
					4859A0CE2911DBE900C2D1DB = {
						CreatedOnToolsVersion = 14.0.1;
						TestTargetID = AFE496CB29105E68000A7A95;
					};
					48C01B15291226AA008F219E = {
						CreatedOnToolsVersion = 14.0.1;
						TestTargetID = AFE496CB29105E68000A7A95;
					};
					AF2FEB76291060100060BB91 = {
						CreatedOnToolsVersion = 13.4.1;
						TestTargetID = AFE496D129105E68000A7A95;
					};
					AFE496CB29105E68000A7A95 = {
						CreatedOnToolsVersion = 13.4.1;
					};
					AFE496D129105E68000A7A95 = {
						CreatedOnToolsVersion = 13.4.1;
					};
					AFE496D829105E68000A7A95 = {
						CreatedOnToolsVersion = 13.4.1;
						TestTargetID = AFE496CB29105E68000A7A95;
					};
					AFE496E429105E68000A7A95 = {
						CreatedOnToolsVersion = 13.4.1;
						TestTargetID = AFE496D129105E68000A7A95;
					};
				};
			};
			buildConfigurationList = AFE496C329105E67000A7A95 /* Build configuration list for PBXProject "FreeFinder" */;
			compatibilityVersion = "Xcode 13.0";
			developmentRegion = en;
			hasScannedForEncodings = 0;
			knownRegions = (
				en,
				Base,
			);
			mainGroup = AFE496BF29105E67000A7A95;
			packageReferences = (
				AF2FEB8629106FF80060BB91 /* XCRemoteSwiftPackageReference "firebase-ios-sdk" */,
				AF845B1E2911C7FB0054C034 /* XCRemoteSwiftPackageReference "firebase-ios-sdk" */,
			);
			productRefGroup = AFE496CD29105E68000A7A95 /* Products */;
			projectDirPath = "";
			projectRoot = "";
			targets = (
				AFE496CB29105E68000A7A95 /* FreeFinder (iOS) */,
				AFE496D129105E68000A7A95 /* FreeFinder (macOS) */,
				AFE496D829105E68000A7A95 /* Tests iOS */,
				AFE496E429105E68000A7A95 /* Tests macOS */,
				AF2FEB76291060100060BB91 /* FreeFinderTests */,
				4859A0CE2911DBE900C2D1DB /* Tests GoogleAuth */,
				48C01B15291226AA008F219E /* Tests MapKit */,
			);
		};
/* End PBXProject section */

/* Begin PBXResourcesBuildPhase section */
		4859A0CD2911DBE900C2D1DB /* Resources */ = {
			isa = PBXResourcesBuildPhase;
			buildActionMask = 2147483647;
			files = (
				7365FAFF29120ED3000C4424 /* GoogleService-Info.plist in Resources */,
			);
			runOnlyForDeploymentPostprocessing = 0;
		};
		48C01B14291226AA008F219E /* Resources */ = {
			isa = PBXResourcesBuildPhase;
			buildActionMask = 2147483647;
			files = (
			);
			runOnlyForDeploymentPostprocessing = 0;
		};
		AF2FEB75291060100060BB91 /* Resources */ = {
			isa = PBXResourcesBuildPhase;
			buildActionMask = 2147483647;
			files = (
				7365FAFE29120ED3000C4424 /* GoogleService-Info.plist in Resources */,
			);
			runOnlyForDeploymentPostprocessing = 0;
		};
		AFE496CA29105E68000A7A95 /* Resources */ = {
			isa = PBXResourcesBuildPhase;
			buildActionMask = 2147483647;
			files = (
				AFE496F129105E68000A7A95 /* Assets.xcassets in Resources */,
				7365FAFA29120ED3000C4424 /* GoogleService-Info.plist in Resources */,
			);
			runOnlyForDeploymentPostprocessing = 0;
		};
		AFE496D029105E68000A7A95 /* Resources */ = {
			isa = PBXResourcesBuildPhase;
			buildActionMask = 2147483647;
			files = (
				AFE496F229105E68000A7A95 /* Assets.xcassets in Resources */,
				7365FAFB29120ED3000C4424 /* GoogleService-Info.plist in Resources */,
			);
			runOnlyForDeploymentPostprocessing = 0;
		};
		AFE496D729105E68000A7A95 /* Resources */ = {
			isa = PBXResourcesBuildPhase;
			buildActionMask = 2147483647;
			files = (
				7365FAFC29120ED3000C4424 /* GoogleService-Info.plist in Resources */,
			);
			runOnlyForDeploymentPostprocessing = 0;
		};
		AFE496E329105E68000A7A95 /* Resources */ = {
			isa = PBXResourcesBuildPhase;
			buildActionMask = 2147483647;
			files = (
				7365FAFD29120ED3000C4424 /* GoogleService-Info.plist in Resources */,
			);
			runOnlyForDeploymentPostprocessing = 0;
		};
/* End PBXResourcesBuildPhase section */

/* Begin PBXSourcesBuildPhase section */
		4859A0CB2911DBE900C2D1DB /* Sources */ = {
			isa = PBXSourcesBuildPhase;
			buildActionMask = 2147483647;
			files = (
				4859A0D22911DBE900C2D1DB /* Tests_GoogleAuth.swift in Sources */,
			);
			runOnlyForDeploymentPostprocessing = 0;
		};
		48C01B12291226AA008F219E /* Sources */ = {
			isa = PBXSourcesBuildPhase;
			buildActionMask = 2147483647;
			files = (
				48C01B19291226AA008F219E /* Tests_MapKit.swift in Sources */,
			);
			runOnlyForDeploymentPostprocessing = 0;
		};
		AF2FEB73291060100060BB91 /* Sources */ = {
			isa = PBXSourcesBuildPhase;
			buildActionMask = 2147483647;
			files = (
				7365FADE2911FDD6000C4424 /* ItemTests.swift in Sources */,
				7365FAEB2912039D000C4424 /* ProfileViewTests.swift in Sources */,
				7365FAE12911FE51000C4424 /* MapView.swift in Sources */,
				7365FAE929120374000C4424 /* ProfileView.swift in Sources */,
				7365FADD2911FDD6000C4424 /* MapViewTests.swift in Sources */,
				7365FAE52911FED2000C4424 /* ItemView.swift in Sources */,
				7365FAE32911FEB8000C4424 /* ListView.swift in Sources */,
				7365FAE7291202A1000C4424 /* CreateItemView.swift in Sources */,
				7365FADF2911FDD6000C4424 /* ListViewTests.swift in Sources */,
				AF2FEB7A291060100060BB91 /* FreeFinderTests.swift in Sources */,
				7365FAD92911FD86000C4424 /* CreateItemViewTests.swift in Sources */,
			);
			runOnlyForDeploymentPostprocessing = 0;
		};
		AFE496C829105E68000A7A95 /* Sources */ = {
			isa = PBXSourcesBuildPhase;
			buildActionMask = 2147483647;
			files = (
				AFE496EF29105E68000A7A95 /* ContentView.swift in Sources */,
				AFE496ED29105E68000A7A95 /* FreeFinderApp.swift in Sources */,
			);
			runOnlyForDeploymentPostprocessing = 0;
		};
		AFE496CE29105E68000A7A95 /* Sources */ = {
			isa = PBXSourcesBuildPhase;
			buildActionMask = 2147483647;
			files = (
				AFE496F029105E68000A7A95 /* ContentView.swift in Sources */,
				AFE496EE29105E68000A7A95 /* FreeFinderApp.swift in Sources */,
			);
			runOnlyForDeploymentPostprocessing = 0;
		};
		AFE496D529105E68000A7A95 /* Sources */ = {
			isa = PBXSourcesBuildPhase;
			buildActionMask = 2147483647;
			files = (
				AFE496E029105E68000A7A95 /* Tests_iOSLaunchTests.swift in Sources */,
				AFE496DE29105E68000A7A95 /* Tests_iOS.swift in Sources */,
			);
			runOnlyForDeploymentPostprocessing = 0;
		};
		AFE496E129105E68000A7A95 /* Sources */ = {
			isa = PBXSourcesBuildPhase;
			buildActionMask = 2147483647;
			files = (
				AFE496EC29105E68000A7A95 /* Tests_macOSLaunchTests.swift in Sources */,
				AFE496EA29105E68000A7A95 /* Tests_macOS.swift in Sources */,
			);
			runOnlyForDeploymentPostprocessing = 0;
		};
/* End PBXSourcesBuildPhase section */

/* Begin PBXTargetDependency section */
		4859A0D42911DBE900C2D1DB /* PBXTargetDependency */ = {
			isa = PBXTargetDependency;
			target = AFE496CB29105E68000A7A95 /* FreeFinder (iOS) */;
			targetProxy = 4859A0D32911DBE900C2D1DB /* PBXContainerItemProxy */;
		};
		48C01B1B291226AA008F219E /* PBXTargetDependency */ = {
			isa = PBXTargetDependency;
			target = AFE496CB29105E68000A7A95 /* FreeFinder (iOS) */;
			targetProxy = 48C01B1A291226AA008F219E /* PBXContainerItemProxy */;
		};
		AF2FEB7C291060100060BB91 /* PBXTargetDependency */ = {
			isa = PBXTargetDependency;
			target = AFE496D129105E68000A7A95 /* FreeFinder (macOS) */;
			targetProxy = AF2FEB7B291060100060BB91 /* PBXContainerItemProxy */;
		};
		AFE496DB29105E68000A7A95 /* PBXTargetDependency */ = {
			isa = PBXTargetDependency;
			target = AFE496CB29105E68000A7A95 /* FreeFinder (iOS) */;
			targetProxy = AFE496DA29105E68000A7A95 /* PBXContainerItemProxy */;
		};
		AFE496E729105E68000A7A95 /* PBXTargetDependency */ = {
			isa = PBXTargetDependency;
			target = AFE496D129105E68000A7A95 /* FreeFinder (macOS) */;
			targetProxy = AFE496E629105E68000A7A95 /* PBXContainerItemProxy */;
		};
/* End PBXTargetDependency section */

/* Begin XCBuildConfiguration section */
		4859A0D52911DBE900C2D1DB /* Debug */ = {
			isa = XCBuildConfiguration;
			buildSettings = {
				BUNDLE_LOADER = "$(TEST_HOST)";
				CLANG_CXX_LANGUAGE_STANDARD = "gnu++20";
				CODE_SIGN_STYLE = Automatic;
				CURRENT_PROJECT_VERSION = 1;
				DEVELOPMENT_TEAM = KAP5HAAY49;
				GENERATE_INFOPLIST_FILE = YES;
				IPHONEOS_DEPLOYMENT_TARGET = 16.0;
				MACOSX_DEPLOYMENT_TARGET = 12.3;
				MARKETING_VERSION = 1.0;
				PRODUCT_BUNDLE_IDENTIFIER = "com.Tests-GoogleAuth";
				PRODUCT_NAME = "$(TARGET_NAME)";
				SDKROOT = auto;
				SUPPORTED_PLATFORMS = "iphoneos iphonesimulator macosx";
				SWIFT_EMIT_LOC_STRINGS = NO;
				SWIFT_VERSION = 5.0;
				TARGETED_DEVICE_FAMILY = "1,2";
				TEST_HOST = "$(BUILT_PRODUCTS_DIR)/FreeFinder.app/$(BUNDLE_EXECUTABLE_FOLDER_PATH)/FreeFinder";
			};
			name = Debug;
		};
		4859A0D62911DBE900C2D1DB /* Release */ = {
			isa = XCBuildConfiguration;
			buildSettings = {
				BUNDLE_LOADER = "$(TEST_HOST)";
				CLANG_CXX_LANGUAGE_STANDARD = "gnu++20";
				CODE_SIGN_STYLE = Automatic;
				CURRENT_PROJECT_VERSION = 1;
				DEVELOPMENT_TEAM = KAP5HAAY49;
				GENERATE_INFOPLIST_FILE = YES;
				IPHONEOS_DEPLOYMENT_TARGET = 16.0;
				MACOSX_DEPLOYMENT_TARGET = 12.3;
				MARKETING_VERSION = 1.0;
				PRODUCT_BUNDLE_IDENTIFIER = "com.Tests-GoogleAuth";
				PRODUCT_NAME = "$(TARGET_NAME)";
				SDKROOT = auto;
				SUPPORTED_PLATFORMS = "iphoneos iphonesimulator macosx";
				SWIFT_EMIT_LOC_STRINGS = NO;
				SWIFT_VERSION = 5.0;
				TARGETED_DEVICE_FAMILY = "1,2";
				TEST_HOST = "$(BUILT_PRODUCTS_DIR)/FreeFinder.app/$(BUNDLE_EXECUTABLE_FOLDER_PATH)/FreeFinder";
			};
			name = Release;
		};
		48C01B1C291226AA008F219E /* Debug */ = {
			isa = XCBuildConfiguration;
			buildSettings = {
				BUNDLE_LOADER = "$(TEST_HOST)";
				CLANG_CXX_LANGUAGE_STANDARD = "gnu++20";
				CODE_SIGN_STYLE = Automatic;
				CURRENT_PROJECT_VERSION = 1;
				DEVELOPMENT_TEAM = KAP5HAAY49;
				GENERATE_INFOPLIST_FILE = YES;
				IPHONEOS_DEPLOYMENT_TARGET = 16.0;
				MACOSX_DEPLOYMENT_TARGET = 12.3;
				MARKETING_VERSION = 1.0;
				PRODUCT_BUNDLE_IDENTIFIER = "com.Tests-MapKit";
				PRODUCT_NAME = "$(TARGET_NAME)";
				SDKROOT = auto;
				SUPPORTED_PLATFORMS = "iphoneos iphonesimulator macosx";
				SWIFT_EMIT_LOC_STRINGS = NO;
				SWIFT_VERSION = 5.0;
				TARGETED_DEVICE_FAMILY = "1,2";
				TEST_HOST = "$(BUILT_PRODUCTS_DIR)/FreeFinder.app/$(BUNDLE_EXECUTABLE_FOLDER_PATH)/FreeFinder";
			};
			name = Debug;
		};
		48C01B1D291226AA008F219E /* Release */ = {
			isa = XCBuildConfiguration;
			buildSettings = {
				BUNDLE_LOADER = "$(TEST_HOST)";
				CLANG_CXX_LANGUAGE_STANDARD = "gnu++20";
				CODE_SIGN_STYLE = Automatic;
				CURRENT_PROJECT_VERSION = 1;
				DEVELOPMENT_TEAM = KAP5HAAY49;
				GENERATE_INFOPLIST_FILE = YES;
				IPHONEOS_DEPLOYMENT_TARGET = 16.0;
				MACOSX_DEPLOYMENT_TARGET = 12.3;
				MARKETING_VERSION = 1.0;
				PRODUCT_BUNDLE_IDENTIFIER = "com.Tests-MapKit";
				PRODUCT_NAME = "$(TARGET_NAME)";
				SDKROOT = auto;
				SUPPORTED_PLATFORMS = "iphoneos iphonesimulator macosx";
				SWIFT_EMIT_LOC_STRINGS = NO;
				SWIFT_VERSION = 5.0;
				TARGETED_DEVICE_FAMILY = "1,2";
				TEST_HOST = "$(BUILT_PRODUCTS_DIR)/FreeFinder.app/$(BUNDLE_EXECUTABLE_FOLDER_PATH)/FreeFinder";
			};
			name = Release;
		};
		AF2FEB7D291060100060BB91 /* Debug */ = {
			isa = XCBuildConfiguration;
			buildSettings = {
				BUNDLE_LOADER = "$(TEST_HOST)";
				CODE_SIGN_STYLE = Manual;
				CURRENT_PROJECT_VERSION = 1;
				DEVELOPMENT_TEAM = F76R8439D2;
				GENERATE_INFOPLIST_FILE = YES;
				MACOSX_DEPLOYMENT_TARGET = 12.3;
				MARKETING_VERSION = 1.0;
				PRODUCT_BUNDLE_IDENTIFIER = UChicago.FreeFinderTests;
				PRODUCT_NAME = "$(TARGET_NAME)";
				PROVISIONING_PROFILE_SPECIFIER = "";
				SDKROOT = macosx;
				SWIFT_EMIT_LOC_STRINGS = NO;
				SWIFT_VERSION = 5.0;
				TEST_HOST = "$(BUILT_PRODUCTS_DIR)/FreeFinder.app/Contents/MacOS/FreeFinder";
			};
			name = Debug;
		};
		AF2FEB7E291060100060BB91 /* Release */ = {
			isa = XCBuildConfiguration;
			buildSettings = {
				BUNDLE_LOADER = "$(TEST_HOST)";
				CODE_SIGN_STYLE = Manual;
				CURRENT_PROJECT_VERSION = 1;
				DEVELOPMENT_TEAM = F76R8439D2;
				GENERATE_INFOPLIST_FILE = YES;
				MACOSX_DEPLOYMENT_TARGET = 12.3;
				MARKETING_VERSION = 1.0;
				PRODUCT_BUNDLE_IDENTIFIER = UChicago.FreeFinderTests;
				PRODUCT_NAME = "$(TARGET_NAME)";
				PROVISIONING_PROFILE_SPECIFIER = "";
				SDKROOT = macosx;
				SWIFT_EMIT_LOC_STRINGS = NO;
				SWIFT_VERSION = 5.0;
				TEST_HOST = "$(BUILT_PRODUCTS_DIR)/FreeFinder.app/Contents/MacOS/FreeFinder";
			};
			name = Release;
		};
		AFE496F329105E68000A7A95 /* Debug */ = {
			isa = XCBuildConfiguration;
			buildSettings = {
				ALWAYS_SEARCH_USER_PATHS = NO;
				CLANG_ANALYZER_NONNULL = YES;
				CLANG_ANALYZER_NUMBER_OBJECT_CONVERSION = YES_AGGRESSIVE;
				CLANG_CXX_LANGUAGE_STANDARD = "gnu++17";
				CLANG_ENABLE_MODULES = YES;
				CLANG_ENABLE_OBJC_ARC = YES;
				CLANG_ENABLE_OBJC_WEAK = YES;
				CLANG_WARN_BLOCK_CAPTURE_AUTORELEASING = YES;
				CLANG_WARN_BOOL_CONVERSION = YES;
				CLANG_WARN_COMMA = YES;
				CLANG_WARN_CONSTANT_CONVERSION = YES;
				CLANG_WARN_DEPRECATED_OBJC_IMPLEMENTATIONS = YES;
				CLANG_WARN_DIRECT_OBJC_ISA_USAGE = YES_ERROR;
				CLANG_WARN_DOCUMENTATION_COMMENTS = YES;
				CLANG_WARN_EMPTY_BODY = YES;
				CLANG_WARN_ENUM_CONVERSION = YES;
				CLANG_WARN_INFINITE_RECURSION = YES;
				CLANG_WARN_INT_CONVERSION = YES;
				CLANG_WARN_NON_LITERAL_NULL_CONVERSION = YES;
				CLANG_WARN_OBJC_IMPLICIT_RETAIN_SELF = YES;
				CLANG_WARN_OBJC_LITERAL_CONVERSION = YES;
				CLANG_WARN_OBJC_ROOT_CLASS = YES_ERROR;
				CLANG_WARN_QUOTED_INCLUDE_IN_FRAMEWORK_HEADER = YES;
				CLANG_WARN_RANGE_LOOP_ANALYSIS = YES;
				CLANG_WARN_STRICT_PROTOTYPES = YES;
				CLANG_WARN_SUSPICIOUS_MOVE = YES;
				CLANG_WARN_UNGUARDED_AVAILABILITY = YES_AGGRESSIVE;
				CLANG_WARN_UNREACHABLE_CODE = YES;
				CLANG_WARN__DUPLICATE_METHOD_MATCH = YES;
				COPY_PHASE_STRIP = NO;
				DEBUG_INFORMATION_FORMAT = dwarf;
				ENABLE_STRICT_OBJC_MSGSEND = YES;
				ENABLE_TESTABILITY = YES;
				GCC_C_LANGUAGE_STANDARD = gnu11;
				GCC_DYNAMIC_NO_PIC = NO;
				GCC_NO_COMMON_BLOCKS = YES;
				GCC_OPTIMIZATION_LEVEL = 0;
				GCC_PREPROCESSOR_DEFINITIONS = (
					"DEBUG=1",
					"$(inherited)",
				);
				GCC_WARN_64_TO_32_BIT_CONVERSION = YES;
				GCC_WARN_ABOUT_RETURN_TYPE = YES_ERROR;
				GCC_WARN_UNDECLARED_SELECTOR = YES;
				GCC_WARN_UNINITIALIZED_AUTOS = YES_AGGRESSIVE;
				GCC_WARN_UNUSED_FUNCTION = YES;
				GCC_WARN_UNUSED_VARIABLE = YES;
				MTL_ENABLE_DEBUG_INFO = INCLUDE_SOURCE;
				MTL_FAST_MATH = YES;
				ONLY_ACTIVE_ARCH = YES;
				SWIFT_ACTIVE_COMPILATION_CONDITIONS = DEBUG;
				SWIFT_OPTIMIZATION_LEVEL = "-Onone";
			};
			name = Debug;
		};
		AFE496F429105E68000A7A95 /* Release */ = {
			isa = XCBuildConfiguration;
			buildSettings = {
				ALWAYS_SEARCH_USER_PATHS = NO;
				CLANG_ANALYZER_NONNULL = YES;
				CLANG_ANALYZER_NUMBER_OBJECT_CONVERSION = YES_AGGRESSIVE;
				CLANG_CXX_LANGUAGE_STANDARD = "gnu++17";
				CLANG_ENABLE_MODULES = YES;
				CLANG_ENABLE_OBJC_ARC = YES;
				CLANG_ENABLE_OBJC_WEAK = YES;
				CLANG_WARN_BLOCK_CAPTURE_AUTORELEASING = YES;
				CLANG_WARN_BOOL_CONVERSION = YES;
				CLANG_WARN_COMMA = YES;
				CLANG_WARN_CONSTANT_CONVERSION = YES;
				CLANG_WARN_DEPRECATED_OBJC_IMPLEMENTATIONS = YES;
				CLANG_WARN_DIRECT_OBJC_ISA_USAGE = YES_ERROR;
				CLANG_WARN_DOCUMENTATION_COMMENTS = YES;
				CLANG_WARN_EMPTY_BODY = YES;
				CLANG_WARN_ENUM_CONVERSION = YES;
				CLANG_WARN_INFINITE_RECURSION = YES;
				CLANG_WARN_INT_CONVERSION = YES;
				CLANG_WARN_NON_LITERAL_NULL_CONVERSION = YES;
				CLANG_WARN_OBJC_IMPLICIT_RETAIN_SELF = YES;
				CLANG_WARN_OBJC_LITERAL_CONVERSION = YES;
				CLANG_WARN_OBJC_ROOT_CLASS = YES_ERROR;
				CLANG_WARN_QUOTED_INCLUDE_IN_FRAMEWORK_HEADER = YES;
				CLANG_WARN_RANGE_LOOP_ANALYSIS = YES;
				CLANG_WARN_STRICT_PROTOTYPES = YES;
				CLANG_WARN_SUSPICIOUS_MOVE = YES;
				CLANG_WARN_UNGUARDED_AVAILABILITY = YES_AGGRESSIVE;
				CLANG_WARN_UNREACHABLE_CODE = YES;
				CLANG_WARN__DUPLICATE_METHOD_MATCH = YES;
				COPY_PHASE_STRIP = NO;
				DEBUG_INFORMATION_FORMAT = "dwarf-with-dsym";
				ENABLE_NS_ASSERTIONS = NO;
				ENABLE_STRICT_OBJC_MSGSEND = YES;
				GCC_C_LANGUAGE_STANDARD = gnu11;
				GCC_NO_COMMON_BLOCKS = YES;
				GCC_WARN_64_TO_32_BIT_CONVERSION = YES;
				GCC_WARN_ABOUT_RETURN_TYPE = YES_ERROR;
				GCC_WARN_UNDECLARED_SELECTOR = YES;
				GCC_WARN_UNINITIALIZED_AUTOS = YES_AGGRESSIVE;
				GCC_WARN_UNUSED_FUNCTION = YES;
				GCC_WARN_UNUSED_VARIABLE = YES;
				MTL_ENABLE_DEBUG_INFO = NO;
				MTL_FAST_MATH = YES;
				SWIFT_COMPILATION_MODE = wholemodule;
				SWIFT_OPTIMIZATION_LEVEL = "-O";
			};
			name = Release;
		};
		AFE496F629105E68000A7A95 /* Debug */ = {
			isa = XCBuildConfiguration;
			buildSettings = {
				ASSETCATALOG_COMPILER_APPICON_NAME = AppIcon;
				ASSETCATALOG_COMPILER_GLOBAL_ACCENT_COLOR_NAME = AccentColor;
				CODE_SIGN_STYLE = Automatic;
				CURRENT_PROJECT_VERSION = 1;
				DEVELOPMENT_TEAM = F76R8439D2;
				ENABLE_PREVIEWS = YES;
				GENERATE_INFOPLIST_FILE = YES;
				INFOPLIST_KEY_UIApplicationSceneManifest_Generation = YES;
				INFOPLIST_KEY_UIApplicationSupportsIndirectInputEvents = YES;
				INFOPLIST_KEY_UILaunchScreen_Generation = YES;
				INFOPLIST_KEY_UISupportedInterfaceOrientations_iPad = "UIInterfaceOrientationPortrait UIInterfaceOrientationPortraitUpsideDown UIInterfaceOrientationLandscapeLeft UIInterfaceOrientationLandscapeRight";
				INFOPLIST_KEY_UISupportedInterfaceOrientations_iPhone = "UIInterfaceOrientationPortrait UIInterfaceOrientationLandscapeLeft UIInterfaceOrientationLandscapeRight";
				IPHONEOS_DEPLOYMENT_TARGET = 15.5;
				LD_RUNPATH_SEARCH_PATHS = (
					"$(inherited)",
					"@executable_path/Frameworks",
				);
				MARKETING_VERSION = 1.0;
				PRODUCT_BUNDLE_IDENTIFIER = UChicago.FreeFinder;
				PRODUCT_NAME = FreeFinder;
				SDKROOT = iphoneos;
				SWIFT_EMIT_LOC_STRINGS = YES;
				SWIFT_VERSION = 5.0;
				TARGETED_DEVICE_FAMILY = "1,2";
			};
			name = Debug;
		};
		AFE496F729105E68000A7A95 /* Release */ = {
			isa = XCBuildConfiguration;
			buildSettings = {
				ASSETCATALOG_COMPILER_APPICON_NAME = AppIcon;
				ASSETCATALOG_COMPILER_GLOBAL_ACCENT_COLOR_NAME = AccentColor;
				CODE_SIGN_STYLE = Automatic;
				CURRENT_PROJECT_VERSION = 1;
				DEVELOPMENT_TEAM = F76R8439D2;
				ENABLE_PREVIEWS = YES;
				GENERATE_INFOPLIST_FILE = YES;
				INFOPLIST_KEY_UIApplicationSceneManifest_Generation = YES;
				INFOPLIST_KEY_UIApplicationSupportsIndirectInputEvents = YES;
				INFOPLIST_KEY_UILaunchScreen_Generation = YES;
				INFOPLIST_KEY_UISupportedInterfaceOrientations_iPad = "UIInterfaceOrientationPortrait UIInterfaceOrientationPortraitUpsideDown UIInterfaceOrientationLandscapeLeft UIInterfaceOrientationLandscapeRight";
				INFOPLIST_KEY_UISupportedInterfaceOrientations_iPhone = "UIInterfaceOrientationPortrait UIInterfaceOrientationLandscapeLeft UIInterfaceOrientationLandscapeRight";
				IPHONEOS_DEPLOYMENT_TARGET = 15.5;
				LD_RUNPATH_SEARCH_PATHS = (
					"$(inherited)",
					"@executable_path/Frameworks",
				);
				MARKETING_VERSION = 1.0;
				PRODUCT_BUNDLE_IDENTIFIER = UChicago.FreeFinder;
				PRODUCT_NAME = FreeFinder;
				SDKROOT = iphoneos;
				SWIFT_EMIT_LOC_STRINGS = YES;
				SWIFT_VERSION = 5.0;
				TARGETED_DEVICE_FAMILY = "1,2";
				VALIDATE_PRODUCT = YES;
			};
			name = Release;
		};
		AFE496F929105E68000A7A95 /* Debug */ = {
			isa = XCBuildConfiguration;
			buildSettings = {
				ASSETCATALOG_COMPILER_APPICON_NAME = AppIcon;
				ASSETCATALOG_COMPILER_GLOBAL_ACCENT_COLOR_NAME = AccentColor;
				CODE_SIGN_ENTITLEMENTS = macOS/macOS.entitlements;
				CODE_SIGN_STYLE = Automatic;
				COMBINE_HIDPI_IMAGES = YES;
				CURRENT_PROJECT_VERSION = 1;
				ENABLE_PREVIEWS = YES;
				GENERATE_INFOPLIST_FILE = YES;
				INFOPLIST_KEY_NSHumanReadableCopyright = "";
				LD_RUNPATH_SEARCH_PATHS = (
					"$(inherited)",
					"@executable_path/../Frameworks",
				);
				MACOSX_DEPLOYMENT_TARGET = 12.3;
				MARKETING_VERSION = 1.0;
				PRODUCT_BUNDLE_IDENTIFIER = UChicago.FreeFinder;
				PRODUCT_NAME = FreeFinder;
				SDKROOT = macosx;
				SWIFT_EMIT_LOC_STRINGS = YES;
				SWIFT_VERSION = 5.0;
			};
			name = Debug;
		};
		AFE496FA29105E68000A7A95 /* Release */ = {
			isa = XCBuildConfiguration;
			buildSettings = {
				ASSETCATALOG_COMPILER_APPICON_NAME = AppIcon;
				ASSETCATALOG_COMPILER_GLOBAL_ACCENT_COLOR_NAME = AccentColor;
				CODE_SIGN_ENTITLEMENTS = macOS/macOS.entitlements;
				CODE_SIGN_STYLE = Automatic;
				COMBINE_HIDPI_IMAGES = YES;
				CURRENT_PROJECT_VERSION = 1;
				ENABLE_PREVIEWS = YES;
				GENERATE_INFOPLIST_FILE = YES;
				INFOPLIST_KEY_NSHumanReadableCopyright = "";
				LD_RUNPATH_SEARCH_PATHS = (
					"$(inherited)",
					"@executable_path/../Frameworks",
				);
				MACOSX_DEPLOYMENT_TARGET = 12.3;
				MARKETING_VERSION = 1.0;
				PRODUCT_BUNDLE_IDENTIFIER = UChicago.FreeFinder;
				PRODUCT_NAME = FreeFinder;
				SDKROOT = macosx;
				SWIFT_EMIT_LOC_STRINGS = YES;
				SWIFT_VERSION = 5.0;
			};
			name = Release;
		};
		AFE496FC29105E68000A7A95 /* Debug */ = {
			isa = XCBuildConfiguration;
			buildSettings = {
				ALWAYS_EMBED_SWIFT_STANDARD_LIBRARIES = YES;
				CODE_SIGN_STYLE = Automatic;
				CURRENT_PROJECT_VERSION = 1;
				DEVELOPMENT_TEAM = F76R8439D2;
				GENERATE_INFOPLIST_FILE = YES;
				IPHONEOS_DEPLOYMENT_TARGET = 15.5;
				MARKETING_VERSION = 1.0;
				PRODUCT_BUNDLE_IDENTIFIER = "UChicago.Tests-iOS";
				PRODUCT_NAME = "$(TARGET_NAME)";
				SDKROOT = iphoneos;
				SWIFT_EMIT_LOC_STRINGS = NO;
				SWIFT_VERSION = 5.0;
				TARGETED_DEVICE_FAMILY = "1,2";
				TEST_TARGET_NAME = "FreeFinder (iOS)";
			};
			name = Debug;
		};
		AFE496FD29105E68000A7A95 /* Release */ = {
			isa = XCBuildConfiguration;
			buildSettings = {
				ALWAYS_EMBED_SWIFT_STANDARD_LIBRARIES = YES;
				CODE_SIGN_STYLE = Automatic;
				CURRENT_PROJECT_VERSION = 1;
				DEVELOPMENT_TEAM = F76R8439D2;
				GENERATE_INFOPLIST_FILE = YES;
				IPHONEOS_DEPLOYMENT_TARGET = 15.5;
				MARKETING_VERSION = 1.0;
				PRODUCT_BUNDLE_IDENTIFIER = "UChicago.Tests-iOS";
				PRODUCT_NAME = "$(TARGET_NAME)";
				SDKROOT = iphoneos;
				SWIFT_EMIT_LOC_STRINGS = NO;
				SWIFT_VERSION = 5.0;
				TARGETED_DEVICE_FAMILY = "1,2";
				TEST_TARGET_NAME = "FreeFinder (iOS)";
				VALIDATE_PRODUCT = YES;
			};
			name = Release;
		};
		AFE496FF29105E68000A7A95 /* Debug */ = {
			isa = XCBuildConfiguration;
			buildSettings = {
				ALWAYS_EMBED_SWIFT_STANDARD_LIBRARIES = YES;
				CODE_SIGN_STYLE = Automatic;
				CURRENT_PROJECT_VERSION = 1;
				GENERATE_INFOPLIST_FILE = YES;
				MACOSX_DEPLOYMENT_TARGET = 12.3;
				MARKETING_VERSION = 1.0;
				PRODUCT_BUNDLE_IDENTIFIER = "UChicago.Tests-macOS";
				PRODUCT_NAME = "$(TARGET_NAME)";
				SDKROOT = macosx;
				SWIFT_EMIT_LOC_STRINGS = NO;
				SWIFT_VERSION = 5.0;
				TEST_TARGET_NAME = "FreeFinder (macOS)";
			};
			name = Debug;
		};
		AFE4970029105E68000A7A95 /* Release */ = {
			isa = XCBuildConfiguration;
			buildSettings = {
				ALWAYS_EMBED_SWIFT_STANDARD_LIBRARIES = YES;
				CODE_SIGN_STYLE = Automatic;
				CURRENT_PROJECT_VERSION = 1;
				GENERATE_INFOPLIST_FILE = YES;
				MACOSX_DEPLOYMENT_TARGET = 12.3;
				MARKETING_VERSION = 1.0;
				PRODUCT_BUNDLE_IDENTIFIER = "UChicago.Tests-macOS";
				PRODUCT_NAME = "$(TARGET_NAME)";
				SDKROOT = macosx;
				SWIFT_EMIT_LOC_STRINGS = NO;
				SWIFT_VERSION = 5.0;
				TEST_TARGET_NAME = "FreeFinder (macOS)";
			};
			name = Release;
		};
/* End XCBuildConfiguration section */

/* Begin XCConfigurationList section */
		4859A0D72911DBE900C2D1DB /* Build configuration list for PBXNativeTarget "Tests GoogleAuth" */ = {
			isa = XCConfigurationList;
			buildConfigurations = (
				4859A0D52911DBE900C2D1DB /* Debug */,
				4859A0D62911DBE900C2D1DB /* Release */,
			);
			defaultConfigurationIsVisible = 0;
			defaultConfigurationName = Release;
		};
		48C01B1E291226AA008F219E /* Build configuration list for PBXNativeTarget "Tests MapKit" */ = {
			isa = XCConfigurationList;
			buildConfigurations = (
				48C01B1C291226AA008F219E /* Debug */,
				48C01B1D291226AA008F219E /* Release */,
			);
			defaultConfigurationIsVisible = 0;
			defaultConfigurationName = Release;
		};
		AF2FEB7F291060100060BB91 /* Build configuration list for PBXNativeTarget "FreeFinderTests" */ = {
			isa = XCConfigurationList;
			buildConfigurations = (
				AF2FEB7D291060100060BB91 /* Debug */,
				AF2FEB7E291060100060BB91 /* Release */,
			);
			defaultConfigurationIsVisible = 0;
			defaultConfigurationName = Release;
		};
		AFE496C329105E67000A7A95 /* Build configuration list for PBXProject "FreeFinder" */ = {
			isa = XCConfigurationList;
			buildConfigurations = (
				AFE496F329105E68000A7A95 /* Debug */,
				AFE496F429105E68000A7A95 /* Release */,
			);
			defaultConfigurationIsVisible = 0;
			defaultConfigurationName = Release;
		};
		AFE496F529105E68000A7A95 /* Build configuration list for PBXNativeTarget "FreeFinder (iOS)" */ = {
			isa = XCConfigurationList;
			buildConfigurations = (
				AFE496F629105E68000A7A95 /* Debug */,
				AFE496F729105E68000A7A95 /* Release */,
			);
			defaultConfigurationIsVisible = 0;
			defaultConfigurationName = Release;
		};
		AFE496F829105E68000A7A95 /* Build configuration list for PBXNativeTarget "FreeFinder (macOS)" */ = {
			isa = XCConfigurationList;
			buildConfigurations = (
				AFE496F929105E68000A7A95 /* Debug */,
				AFE496FA29105E68000A7A95 /* Release */,
			);
			defaultConfigurationIsVisible = 0;
			defaultConfigurationName = Release;
		};
		AFE496FB29105E68000A7A95 /* Build configuration list for PBXNativeTarget "Tests iOS" */ = {
			isa = XCConfigurationList;
			buildConfigurations = (
				AFE496FC29105E68000A7A95 /* Debug */,
				AFE496FD29105E68000A7A95 /* Release */,
			);
			defaultConfigurationIsVisible = 0;
			defaultConfigurationName = Release;
		};
		AFE496FE29105E68000A7A95 /* Build configuration list for PBXNativeTarget "Tests macOS" */ = {
			isa = XCConfigurationList;
			buildConfigurations = (
				AFE496FF29105E68000A7A95 /* Debug */,
				AFE4970029105E68000A7A95 /* Release */,
			);
			defaultConfigurationIsVisible = 0;
			defaultConfigurationName = Release;
		};
/* End XCConfigurationList section */

/* Begin XCRemoteSwiftPackageReference section */
		AF2FEB8629106FF80060BB91 /* XCRemoteSwiftPackageReference "firebase-ios-sdk" */ = {
			isa = XCRemoteSwiftPackageReference;
			repositoryURL = "https://github.com/firebase/firebase-ios-sdk";
			requirement = {
				kind = upToNextMajorVersion;
				minimumVersion = 9.0.0;
			};
		};
		AF845B1E2911C7FB0054C034 /* XCRemoteSwiftPackageReference "firebase-ios-sdk" */ = {
			isa = XCRemoteSwiftPackageReference;
			repositoryURL = "https://github.com/firebase/firebase-ios-sdk.git";
			requirement = {
				kind = upToNextMajorVersion;
				minimumVersion = 9.0.0;
			};
		};
/* End XCRemoteSwiftPackageReference section */

/* Begin XCSwiftPackageProductDependency section */
		AF2FEB8729106FF80060BB91 /* FirebaseAnalytics */ = {
			isa = XCSwiftPackageProductDependency;
			package = AF2FEB8629106FF80060BB91 /* XCRemoteSwiftPackageReference "firebase-ios-sdk" */;
			productName = FirebaseAnalytics;
		};
		AF2FEB8929106FF80060BB91 /* FirebaseDatabase */ = {
			isa = XCSwiftPackageProductDependency;
			package = AF2FEB8629106FF80060BB91 /* XCRemoteSwiftPackageReference "firebase-ios-sdk" */;
			productName = FirebaseDatabase;
		};
		AF2FEB8B29106FF80060BB91 /* FirebaseDatabaseSwift */ = {
			isa = XCSwiftPackageProductDependency;
			package = AF2FEB8629106FF80060BB91 /* XCRemoteSwiftPackageReference "firebase-ios-sdk" */;
			productName = FirebaseDatabaseSwift;
		};
		AF2FEB8D29106FF80060BB91 /* FirebaseRemoteConfig */ = {
			isa = XCSwiftPackageProductDependency;
			package = AF2FEB8629106FF80060BB91 /* XCRemoteSwiftPackageReference "firebase-ios-sdk" */;
			productName = FirebaseRemoteConfig;
		};
		AF2FEB8F29106FF80060BB91 /* FirebaseRemoteConfigSwift */ = {
			isa = XCSwiftPackageProductDependency;
			package = AF2FEB8629106FF80060BB91 /* XCRemoteSwiftPackageReference "firebase-ios-sdk" */;
			productName = FirebaseRemoteConfigSwift;
		};
/* End XCSwiftPackageProductDependency section */
	};
	rootObject = AFE496C029105E67000A7A95 /* Project object */;
}
